
Microsoft Visual Studio Solution File, Format Version 12.00
# Visual Studio Version 17
VisualStudioVersion = 17.6.33829.357
MinimumVisualStudioVersion = 10.0.40219.1
Project("{FAE04EC0-301F-11D3-BF4B-00C04F79EFBC}") = "ProjectNew", "ProjectNew\ProjectNew.csproj", "{354AD1C0-DEF7-4EFC-8E3A-215DEBA819C2}"
EndProject
Global
	GlobalSection(SolutionConfigurationPlatforms) = preSolution
		Debug|Any CPU = Debug|Any CPU
		Release|Any CPU = Release|Any CPU
	EndGlobalSection
	GlobalSection(ProjectConfigurationPlatforms) = postSolution
		{354AD1C0-DEF7-4EFC-8E3A-215DEBA819C2}.Debug|Any CPU.ActiveCfg = Debug|Any CPU
		{354AD1C0-DEF7-4EFC-8E3A-215DEBA819C2}.Debug|Any CPU.Build.0 = Debug|Any CPU
		{354AD1C0-DEF7-4EFC-8E3A-215DEBA819C2}.Release|Any CPU.ActiveCfg = Release|Any CPU
		{354AD1C0-DEF7-4EFC-8E3A-215DEBA819C2}.Release|Any CPU.Build.0 = Release|Any CPU
	EndGlobalSection
	GlobalSection(SolutionProperties) = preSolution
		HideSolutionNode = FALSE
	EndGlobalSection
	GlobalSection(ExtensibilityGlobals) = postSolution
		SolutionGuid = {6B172659-BA01-4E17-89C3-08F40A9B4B56}
	EndGlobalSection
EndGlobal
